
Microsoft Visual Studio Solution File, Format Version 12.00
# Visual Studio Version 16
VisualStudioVersion = 16.0.29418.71
MinimumVisualStudioVersion = 10.0.40219.1
Project("{8BC9CEB8-8B4A-11D0-8D11-00A0C91BC942}") = "LexicalAnalysis", "LexicalAnalysis\LexicalAnalysis.vcxproj", "{DCB91603-23D9-404F-BBA4-1DE83C02E484}"
EndProject
Global
	GlobalSection(SolutionConfigurationPlatforms) = preSolution
		Debug|x64 = Debug|x64
		Debug|x86 = Debug|x86
		Release|x64 = Release|x64
		Release|x86 = Release|x86
	EndGlobalSection
	GlobalSection(ProjectConfigurationPlatforms) = postSolution
		{DCB91603-23D9-404F-BBA4-1DE83C02E484}.Debug|x64.ActiveCfg = Debug|x64
		{DCB91603-23D9-404F-BBA4-1DE83C02E484}.Debug|x64.Build.0 = Debug|x64
		{DCB91603-23D9-404F-BBA4-1DE83C02E484}.Debug|x86.ActiveCfg = Debug|Win32
		{DCB91603-23D9-404F-BBA4-1DE83C02E484}.Debug|x86.Build.0 = Debug|Win32
		{DCB91603-23D9-404F-BBA4-1DE83C02E484}.Release|x64.ActiveCfg = Release|x64
		{DCB91603-23D9-404F-BBA4-1DE83C02E484}.Release|x64.Build.0 = Release|x64
		{DCB91603-23D9-404F-BBA4-1DE83C02E484}.Release|x86.ActiveCfg = Release|Win32
		{DCB91603-23D9-404F-BBA4-1DE83C02E484}.Release|x86.Build.0 = Release|Win32
	EndGlobalSection
	GlobalSection(SolutionProperties) = preSolution
		HideSolutionNode = FALSE
	EndGlobalSection
	GlobalSection(ExtensibilityGlobals) = postSolution
		SolutionGuid = {A333FC68-7A98-415C-B284-95F0AE2E8837}
	EndGlobalSection
EndGlobal
